// !$*UTF8*$!
{
	archiveVersion = 1;
	classes = {
	};
	objectVersion = 50;
	objects = {

/* Begin PBXBuildFile section */
		D45F5E2528C0DA0D00FA421A /* SaveProtocol.swift in Sources */ = {isa = PBXBuildFile; fileRef = D45F5E2428C0DA0D00FA421A /* SaveProtocol.swift */; };
		D45F5E2828C0DB5000FA421A /* SaveInteractor.swift in Sources */ = {isa = PBXBuildFile; fileRef = D45F5E2728C0DB5000FA421A /* SaveInteractor.swift */; };
		D45F5E2B28C0DB8300FA421A /* SavePresenter.swift in Sources */ = {isa = PBXBuildFile; fileRef = D45F5E2A28C0DB8300FA421A /* SavePresenter.swift */; };
		D45F5E2E28C0DBB700FA421A /* SaveRouter.swift in Sources */ = {isa = PBXBuildFile; fileRef = D45F5E2D28C0DBB700FA421A /* SaveRouter.swift */; };
		D45F5E3128C0DE6700FA421A /* EditProtocol.swift in Sources */ = {isa = PBXBuildFile; fileRef = D45F5E3028C0DE6700FA421A /* EditProtocol.swift */; };
		D45F5E3428C0DF4400FA421A /* EditInteractor.swift in Sources */ = {isa = PBXBuildFile; fileRef = D45F5E3328C0DF4400FA421A /* EditInteractor.swift */; };
		D45F5E3728C0DF6500FA421A /* EditPresenter.swift in Sources */ = {isa = PBXBuildFile; fileRef = D45F5E3628C0DF6500FA421A /* EditPresenter.swift */; };
		D45F5E3A28C0DFDD00FA421A /* EditRouter.swift in Sources */ = {isa = PBXBuildFile; fileRef = D45F5E3928C0DFDD00FA421A /* EditRouter.swift */; };
		D45F5E3D28C0E8B100FA421A /* TaskTableViewCell.swift in Sources */ = {isa = PBXBuildFile; fileRef = D45F5E3C28C0E8B100FA421A /* TaskTableViewCell.swift */; };
		D45F5E7428C0F06100FA421A /* FMDatabase.m in Sources */ = {isa = PBXBuildFile; fileRef = D45F5E6A28C0F06100FA421A /* FMDatabase.m */; };
		D45F5E7528C0F06100FA421A /* FMResultSet.m in Sources */ = {isa = PBXBuildFile; fileRef = D45F5E6D28C0F06100FA421A /* FMResultSet.m */; };
		D45F5E7628C0F06100FA421A /* FMDatabasePool.m in Sources */ = {isa = PBXBuildFile; fileRef = D45F5E6F28C0F06100FA421A /* FMDatabasePool.m */; };
		D45F5E7728C0F06100FA421A /* FMDatabaseQueue.m in Sources */ = {isa = PBXBuildFile; fileRef = D45F5E7028C0F06100FA421A /* FMDatabaseQueue.m */; };
		D45F5E7828C0F06100FA421A /* FMDatabaseAdditions.m in Sources */ = {isa = PBXBuildFile; fileRef = D45F5E7128C0F06100FA421A /* FMDatabaseAdditions.m */; };
		D45F5E9B28C10DF800FA421A /* task.sqlite in Resources */ = {isa = PBXBuildFile; fileRef = D45F5E9A28C10DF800FA421A /* task.sqlite */; };
		D4FB585428BE4D82009FCC40 /* AppDelegate.swift in Sources */ = {isa = PBXBuildFile; fileRef = D4FB585328BE4D82009FCC40 /* AppDelegate.swift */; };
		D4FB585628BE4D82009FCC40 /* SceneDelegate.swift in Sources */ = {isa = PBXBuildFile; fileRef = D4FB585528BE4D82009FCC40 /* SceneDelegate.swift */; };
		D4FB585828BE4D82009FCC40 /* ViewController.swift in Sources */ = {isa = PBXBuildFile; fileRef = D4FB585728BE4D82009FCC40 /* ViewController.swift */; };
		D4FB585B28BE4D82009FCC40 /* Main.storyboard in Resources */ = {isa = PBXBuildFile; fileRef = D4FB585928BE4D82009FCC40 /* Main.storyboard */; };
		D4FB585D28BE4D82009FCC40 /* Assets.xcassets in Resources */ = {isa = PBXBuildFile; fileRef = D4FB585C28BE4D82009FCC40 /* Assets.xcassets */; };
		D4FB586028BE4D82009FCC40 /* LaunchScreen.storyboard in Resources */ = {isa = PBXBuildFile; fileRef = D4FB585E28BE4D82009FCC40 /* LaunchScreen.storyboard */; };
		D4FB587E28BE515E009FCC40 /* HomeProtocol.swift in Sources */ = {isa = PBXBuildFile; fileRef = D4FB587D28BE515E009FCC40 /* HomeProtocol.swift */; };
		D4FB588328BE537F009FCC40 /* Task.swift in Sources */ = {isa = PBXBuildFile; fileRef = D4FB588228BE537F009FCC40 /* Task.swift */; };
		D4FB588728BE55C2009FCC40 /* HomeInteractor.swift in Sources */ = {isa = PBXBuildFile; fileRef = D4FB588628BE55C2009FCC40 /* HomeInteractor.swift */; };
		D4FB588A28BE5629009FCC40 /* HomePresenter.swift in Sources */ = {isa = PBXBuildFile; fileRef = D4FB588928BE5629009FCC40 /* HomePresenter.swift */; };
		D4FB588D28BE56C7009FCC40 /* HomeRouter.swift in Sources */ = {isa = PBXBuildFile; fileRef = D4FB588C28BE56C7009FCC40 /* HomeRouter.swift */; };
		D4FB589128BEBB28009FCC40 /* SaveViewController.swift in Sources */ = {isa = PBXBuildFile; fileRef = D4FB589028BEBB28009FCC40 /* SaveViewController.swift */; };
		D4FB589528BEBCD0009FCC40 /* EditViewController.swift in Sources */ = {isa = PBXBuildFile; fileRef = D4FB589428BEBCD0009FCC40 /* EditViewController.swift */; };
/* End PBXBuildFile section */

/* Begin PBXFileReference section */
		D45F5E2428C0DA0D00FA421A /* SaveProtocol.swift */ = {isa = PBXFileReference; lastKnownFileType = sourcecode.swift; path = SaveProtocol.swift; sourceTree = "<group>"; };
		D45F5E2728C0DB5000FA421A /* SaveInteractor.swift */ = {isa = PBXFileReference; lastKnownFileType = sourcecode.swift; path = SaveInteractor.swift; sourceTree = "<group>"; };
		D45F5E2A28C0DB8300FA421A /* SavePresenter.swift */ = {isa = PBXFileReference; lastKnownFileType = sourcecode.swift; path = SavePresenter.swift; sourceTree = "<group>"; };
		D45F5E2D28C0DBB700FA421A /* SaveRouter.swift */ = {isa = PBXFileReference; lastKnownFileType = sourcecode.swift; path = SaveRouter.swift; sourceTree = "<group>"; };
		D45F5E3028C0DE6700FA421A /* EditProtocol.swift */ = {isa = PBXFileReference; lastKnownFileType = sourcecode.swift; path = EditProtocol.swift; sourceTree = "<group>"; };
		D45F5E3328C0DF4400FA421A /* EditInteractor.swift */ = {isa = PBXFileReference; lastKnownFileType = sourcecode.swift; path = EditInteractor.swift; sourceTree = "<group>"; };
		D45F5E3628C0DF6500FA421A /* EditPresenter.swift */ = {isa = PBXFileReference; lastKnownFileType = sourcecode.swift; path = EditPresenter.swift; sourceTree = "<group>"; };
		D45F5E3928C0DFDD00FA421A /* EditRouter.swift */ = {isa = PBXFileReference; lastKnownFileType = sourcecode.swift; path = EditRouter.swift; sourceTree = "<group>"; };
		D45F5E3C28C0E8B100FA421A /* TaskTableViewCell.swift */ = {isa = PBXFileReference; lastKnownFileType = sourcecode.swift; path = TaskTableViewCell.swift; sourceTree = "<group>"; };
		D45F5E6728C0F02200FA421A /* libsqlite3.tbd */ = {isa = PBXFileReference; lastKnownFileType = "sourcecode.text-based-dylib-definition"; name = libsqlite3.tbd; path = usr/lib/libsqlite3.tbd; sourceTree = SDKROOT; };
		D45F5E6828C0F06100FA421A /* iOS-ToDo-App-Bridging-Header.h */ = {isa = PBXFileReference; lastKnownFileType = sourcecode.c.h; path = "iOS-ToDo-App-Bridging-Header.h"; sourceTree = "<group>"; };
		D45F5E6928C0F06100FA421A /* FMResultSet.h */ = {isa = PBXFileReference; fileEncoding = 4; lastKnownFileType = sourcecode.c.h; name = FMResultSet.h; path = "../../../../Downloads/FMDB Dosyaları/FMResultSet.h"; sourceTree = "<group>"; };
		D45F5E6A28C0F06100FA421A /* FMDatabase.m */ = {isa = PBXFileReference; fileEncoding = 4; lastKnownFileType = sourcecode.c.objc; name = FMDatabase.m; path = "../../../../Downloads/FMDB Dosyaları/FMDatabase.m"; sourceTree = "<group>"; };
		D45F5E6B28C0F06100FA421A /* FMDatabaseQueue.h */ = {isa = PBXFileReference; fileEncoding = 4; lastKnownFileType = sourcecode.c.h; name = FMDatabaseQueue.h; path = "../../../../Downloads/FMDB Dosyaları/FMDatabaseQueue.h"; sourceTree = "<group>"; };
		D45F5E6C28C0F06100FA421A /* FMDatabasePool.h */ = {isa = PBXFileReference; fileEncoding = 4; lastKnownFileType = sourcecode.c.h; name = FMDatabasePool.h; path = "../../../../Downloads/FMDB Dosyaları/FMDatabasePool.h"; sourceTree = "<group>"; };
		D45F5E6D28C0F06100FA421A /* FMResultSet.m */ = {isa = PBXFileReference; fileEncoding = 4; lastKnownFileType = sourcecode.c.objc; name = FMResultSet.m; path = "../../../../Downloads/FMDB Dosyaları/FMResultSet.m"; sourceTree = "<group>"; };
		D45F5E6E28C0F06100FA421A /* FMDatabase.h */ = {isa = PBXFileReference; fileEncoding = 4; lastKnownFileType = sourcecode.c.h; name = FMDatabase.h; path = "../../../../Downloads/FMDB Dosyaları/FMDatabase.h"; sourceTree = "<group>"; };
		D45F5E6F28C0F06100FA421A /* FMDatabasePool.m */ = {isa = PBXFileReference; fileEncoding = 4; lastKnownFileType = sourcecode.c.objc; name = FMDatabasePool.m; path = "../../../../Downloads/FMDB Dosyaları/FMDatabasePool.m"; sourceTree = "<group>"; };
		D45F5E7028C0F06100FA421A /* FMDatabaseQueue.m */ = {isa = PBXFileReference; fileEncoding = 4; lastKnownFileType = sourcecode.c.objc; name = FMDatabaseQueue.m; path = "../../../../Downloads/FMDB Dosyaları/FMDatabaseQueue.m"; sourceTree = "<group>"; };
		D45F5E7128C0F06100FA421A /* FMDatabaseAdditions.m */ = {isa = PBXFileReference; fileEncoding = 4; lastKnownFileType = sourcecode.c.objc; name = FMDatabaseAdditions.m; path = "../../../../Downloads/FMDB Dosyaları/FMDatabaseAdditions.m"; sourceTree = "<group>"; };
		D45F5E7228C0F06100FA421A /* FMDatabaseAdditions.h */ = {isa = PBXFileReference; fileEncoding = 4; lastKnownFileType = sourcecode.c.h; name = FMDatabaseAdditions.h; path = "../../../../Downloads/FMDB Dosyaları/FMDatabaseAdditions.h"; sourceTree = "<group>"; };
		D45F5E7328C0F06100FA421A /* FMDB.h */ = {isa = PBXFileReference; fileEncoding = 4; lastKnownFileType = sourcecode.c.h; name = FMDB.h; path = "../../../../Downloads/FMDB Dosyaları/FMDB.h"; sourceTree = "<group>"; };
		D45F5E9A28C10DF800FA421A /* task.sqlite */ = {isa = PBXFileReference; lastKnownFileType = file; name = task.sqlite; path = ../../../task.sqlite; sourceTree = "<group>"; };
		D4FB585028BE4D82009FCC40 /* iOS-ToDo-App.app */ = {isa = PBXFileReference; explicitFileType = wrapper.application; includeInIndex = 0; path = "iOS-ToDo-App.app"; sourceTree = BUILT_PRODUCTS_DIR; };
		D4FB585328BE4D82009FCC40 /* AppDelegate.swift */ = {isa = PBXFileReference; lastKnownFileType = sourcecode.swift; path = AppDelegate.swift; sourceTree = "<group>"; };
		D4FB585528BE4D82009FCC40 /* SceneDelegate.swift */ = {isa = PBXFileReference; lastKnownFileType = sourcecode.swift; path = SceneDelegate.swift; sourceTree = "<group>"; };
		D4FB585728BE4D82009FCC40 /* ViewController.swift */ = {isa = PBXFileReference; lastKnownFileType = sourcecode.swift; path = ViewController.swift; sourceTree = "<group>"; };
		D4FB585A28BE4D82009FCC40 /* Base */ = {isa = PBXFileReference; lastKnownFileType = file.storyboard; name = Base; path = Base.lproj/Main.storyboard; sourceTree = "<group>"; };
		D4FB585C28BE4D82009FCC40 /* Assets.xcassets */ = {isa = PBXFileReference; lastKnownFileType = folder.assetcatalog; path = Assets.xcassets; sourceTree = "<group>"; };
		D4FB585F28BE4D82009FCC40 /* Base */ = {isa = PBXFileReference; lastKnownFileType = file.storyboard; name = Base; path = Base.lproj/LaunchScreen.storyboard; sourceTree = "<group>"; };
		D4FB586128BE4D82009FCC40 /* Info.plist */ = {isa = PBXFileReference; lastKnownFileType = text.plist.xml; path = Info.plist; sourceTree = "<group>"; };
		D4FB587D28BE515E009FCC40 /* HomeProtocol.swift */ = {isa = PBXFileReference; lastKnownFileType = sourcecode.swift; path = HomeProtocol.swift; sourceTree = "<group>"; };
		D4FB588228BE537F009FCC40 /* Task.swift */ = {isa = PBXFileReference; lastKnownFileType = sourcecode.swift; path = Task.swift; sourceTree = "<group>"; };
		D4FB588628BE55C2009FCC40 /* HomeInteractor.swift */ = {isa = PBXFileReference; lastKnownFileType = sourcecode.swift; path = HomeInteractor.swift; sourceTree = "<group>"; };
		D4FB588928BE5629009FCC40 /* HomePresenter.swift */ = {isa = PBXFileReference; lastKnownFileType = sourcecode.swift; path = HomePresenter.swift; sourceTree = "<group>"; };
		D4FB588C28BE56C7009FCC40 /* HomeRouter.swift */ = {isa = PBXFileReference; lastKnownFileType = sourcecode.swift; path = HomeRouter.swift; sourceTree = "<group>"; };
		D4FB589028BEBB28009FCC40 /* SaveViewController.swift */ = {isa = PBXFileReference; lastKnownFileType = sourcecode.swift; path = SaveViewController.swift; sourceTree = "<group>"; };
		D4FB589428BEBCD0009FCC40 /* EditViewController.swift */ = {isa = PBXFileReference; lastKnownFileType = sourcecode.swift; path = EditViewController.swift; sourceTree = "<group>"; };
/* End PBXFileReference section */

/* Begin PBXFrameworksBuildPhase section */
		D4FB584D28BE4D82009FCC40 /* Frameworks */ = {
			isa = PBXFrameworksBuildPhase;
			buildActionMask = 2147483647;
			files = (
			);
			runOnlyForDeploymentPostprocessing = 0;
		};
/* End PBXFrameworksBuildPhase section */

/* Begin PBXGroup section */
		D45F5E6628C0F02200FA421A /* Frameworks */ = {
			isa = PBXGroup;
			children = (
				D45F5E6728C0F02200FA421A /* libsqlite3.tbd */,
			);
			name = Frameworks;
			sourceTree = "<group>";
		};
		D4FB584728BE4D81009FCC40 = {
			isa = PBXGroup;
			children = (
				D4FB585228BE4D82009FCC40 /* iOS-ToDo-App */,
				D4FB585128BE4D82009FCC40 /* Products */,
				D45F5E6628C0F02200FA421A /* Frameworks */,
			);
			sourceTree = "<group>";
		};
		D4FB585128BE4D82009FCC40 /* Products */ = {
			isa = PBXGroup;
			children = (
				D4FB585028BE4D82009FCC40 /* iOS-ToDo-App.app */,
			);
			name = Products;
			sourceTree = "<group>";
		};
		D4FB585228BE4D82009FCC40 /* iOS-ToDo-App */ = {
			isa = PBXGroup;
			children = (
				D4FB585328BE4D82009FCC40 /* AppDelegate.swift */,
				D4FB585528BE4D82009FCC40 /* SceneDelegate.swift */,
				D4FB586928BE5029009FCC40 /* home-module */,
				D4FB587128BE509F009FCC40 /* save-module */,
				D4FB587228BE50CE009FCC40 /* edit-module */,
				D4FB588128BE5366009FCC40 /* entity */,
				D4FB585928BE4D82009FCC40 /* Main.storyboard */,
				D4FB585C28BE4D82009FCC40 /* Assets.xcassets */,
				D4FB585E28BE4D82009FCC40 /* LaunchScreen.storyboard */,
				D4FB586128BE4D82009FCC40 /* Info.plist */,
				D45F5E9A28C10DF800FA421A /* task.sqlite */,
				D45F5E6E28C0F06100FA421A /* FMDatabase.h */,
				D45F5E6A28C0F06100FA421A /* FMDatabase.m */,
				D45F5E7228C0F06100FA421A /* FMDatabaseAdditions.h */,
				D45F5E7128C0F06100FA421A /* FMDatabaseAdditions.m */,
				D45F5E6C28C0F06100FA421A /* FMDatabasePool.h */,
				D45F5E6F28C0F06100FA421A /* FMDatabasePool.m */,
				D45F5E6B28C0F06100FA421A /* FMDatabaseQueue.h */,
				D45F5E7028C0F06100FA421A /* FMDatabaseQueue.m */,
				D45F5E7328C0F06100FA421A /* FMDB.h */,
				D45F5E6928C0F06100FA421A /* FMResultSet.h */,
				D45F5E6D28C0F06100FA421A /* FMResultSet.m */,
				D45F5E6828C0F06100FA421A /* iOS-ToDo-App-Bridging-Header.h */,
			);
			path = "iOS-ToDo-App";
			sourceTree = "<group>";
		};
		D4FB586928BE5029009FCC40 /* home-module */ = {
			isa = PBXGroup;
			children = (
				D4FB588F28BE5C61009FCC40 /* table */,
				D4FB586F28BE506D009FCC40 /* view */,
				D4FB586E28BE5063009FCC40 /* router */,
				D4FB586D28BE5057009FCC40 /* presenter */,
				D4FB586C28BE504B009FCC40 /* interactor */,
				D4FB586A28BE5037009FCC40 /* protocol */,
			);
			path = "home-module";
			sourceTree = "<group>";
		};
		D4FB586A28BE5037009FCC40 /* protocol */ = {
			isa = PBXGroup;
			children = (
				D4FB587D28BE515E009FCC40 /* HomeProtocol.swift */,
			);
			path = protocol;
			sourceTree = "<group>";
		};
		D4FB586C28BE504B009FCC40 /* interactor */ = {
			isa = PBXGroup;
			children = (
				D4FB588628BE55C2009FCC40 /* HomeInteractor.swift */,
			);
			path = interactor;
			sourceTree = "<group>";
		};
		D4FB586D28BE5057009FCC40 /* presenter */ = {
			isa = PBXGroup;
			children = (
				D4FB588928BE5629009FCC40 /* HomePresenter.swift */,
			);
			path = presenter;
			sourceTree = "<group>";
		};
		D4FB586E28BE5063009FCC40 /* router */ = {
			isa = PBXGroup;
			children = (
				D4FB588C28BE56C7009FCC40 /* HomeRouter.swift */,
			);
			path = router;
			sourceTree = "<group>";
		};
		D4FB586F28BE506D009FCC40 /* view */ = {
			isa = PBXGroup;
			children = (
				D4FB585728BE4D82009FCC40 /* ViewController.swift */,
			);
			path = view;
			sourceTree = "<group>";
		};
		D4FB587128BE509F009FCC40 /* save-module */ = {
			isa = PBXGroup;
			children = (
				D4FB587C28BE511E009FCC40 /* view */,
				D4FB587B28BE5119009FCC40 /* router */,
				D4FB587A28BE5114009FCC40 /* presenter */,
				D4FB587928BE510E009FCC40 /* interactor */,
				D4FB587828BE5109009FCC40 /* protocol */,
			);
			path = "save-module";
			sourceTree = "<group>";
		};
		D4FB587228BE50CE009FCC40 /* edit-module */ = {
			isa = PBXGroup;
			children = (
				D4FB587728BE5100009FCC40 /* view */,
				D4FB587628BE50F8009FCC40 /* router */,
				D4FB587528BE50F1009FCC40 /* presenter */,
				D4FB587428BE50EB009FCC40 /* interactor */,
				D4FB587328BE50E4009FCC40 /* protocol */,
			);
			path = "edit-module";
			sourceTree = "<group>";
		};
		D4FB587328BE50E4009FCC40 /* protocol */ = {
			isa = PBXGroup;
			children = (
				D45F5E3028C0DE6700FA421A /* EditProtocol.swift */,
			);
			path = protocol;
			sourceTree = "<group>";
		};
		D4FB587428BE50EB009FCC40 /* interactor */ = {
			isa = PBXGroup;
			children = (
				D45F5E3328C0DF4400FA421A /* EditInteractor.swift */,
			);
			path = interactor;
			sourceTree = "<group>";
		};
		D4FB587528BE50F1009FCC40 /* presenter */ = {
			isa = PBXGroup;
			children = (
				D45F5E3628C0DF6500FA421A /* EditPresenter.swift */,
			);
			path = presenter;
			sourceTree = "<group>";
		};
		D4FB587628BE50F8009FCC40 /* router */ = {
			isa = PBXGroup;
			children = (
				D45F5E3928C0DFDD00FA421A /* EditRouter.swift */,
			);
			path = router;
			sourceTree = "<group>";
		};
		D4FB587728BE5100009FCC40 /* view */ = {
			isa = PBXGroup;
			children = (
				D4FB589428BEBCD0009FCC40 /* EditViewController.swift */,
			);
			path = view;
			sourceTree = "<group>";
		};
		D4FB587828BE5109009FCC40 /* protocol */ = {
			isa = PBXGroup;
			children = (
				D45F5E2428C0DA0D00FA421A /* SaveProtocol.swift */,
			);
			path = protocol;
			sourceTree = "<group>";
		};
		D4FB587928BE510E009FCC40 /* interactor */ = {
			isa = PBXGroup;
			children = (
				D45F5E2728C0DB5000FA421A /* SaveInteractor.swift */,
			);
			path = interactor;
			sourceTree = "<group>";
		};
		D4FB587A28BE5114009FCC40 /* presenter */ = {
			isa = PBXGroup;
			children = (
				D45F5E2A28C0DB8300FA421A /* SavePresenter.swift */,
			);
			path = presenter;
			sourceTree = "<group>";
		};
		D4FB587B28BE5119009FCC40 /* router */ = {
			isa = PBXGroup;
			children = (
				D45F5E2D28C0DBB700FA421A /* SaveRouter.swift */,
			);
			path = router;
			sourceTree = "<group>";
		};
		D4FB587C28BE511E009FCC40 /* view */ = {
			isa = PBXGroup;
			children = (
				D4FB589028BEBB28009FCC40 /* SaveViewController.swift */,
			);
			path = view;
			sourceTree = "<group>";
		};
		D4FB588128BE5366009FCC40 /* entity */ = {
			isa = PBXGroup;
			children = (
				D4FB588228BE537F009FCC40 /* Task.swift */,
			);
			path = entity;
			sourceTree = "<group>";
		};
		D4FB588F28BE5C61009FCC40 /* table */ = {
			isa = PBXGroup;
			children = (
				D45F5E3C28C0E8B100FA421A /* TaskTableViewCell.swift */,
			);
			path = table;
			sourceTree = "<group>";
		};
/* End PBXGroup section */

/* Begin PBXNativeTarget section */
		D4FB584F28BE4D82009FCC40 /* iOS-ToDo-App */ = {
			isa = PBXNativeTarget;
			buildConfigurationList = D4FB586428BE4D82009FCC40 /* Build configuration list for PBXNativeTarget "iOS-ToDo-App" */;
			buildPhases = (
				D4FB584C28BE4D82009FCC40 /* Sources */,
				D4FB584D28BE4D82009FCC40 /* Frameworks */,
				D4FB584E28BE4D82009FCC40 /* Resources */,
			);
			buildRules = (
			);
			dependencies = (
			);
			name = "iOS-ToDo-App";
			productName = "iOS-ToDo-App";
			productReference = D4FB585028BE4D82009FCC40 /* iOS-ToDo-App.app */;
			productType = "com.apple.product-type.application";
		};
/* End PBXNativeTarget section */

/* Begin PBXProject section */
		D4FB584828BE4D81009FCC40 /* Project object */ = {
			isa = PBXProject;
			attributes = {
				LastSwiftUpdateCheck = 1240;
				LastUpgradeCheck = 1240;
				TargetAttributes = {
					D4FB584F28BE4D82009FCC40 = {
						CreatedOnToolsVersion = 12.4;
						LastSwiftMigration = 1240;
					};
				};
			};
			buildConfigurationList = D4FB584B28BE4D81009FCC40 /* Build configuration list for PBXProject "iOS-ToDo-App" */;
			compatibilityVersion = "Xcode 9.3";
			developmentRegion = en;
			hasScannedForEncodings = 0;
			knownRegions = (
				en,
				Base,
			);
			mainGroup = D4FB584728BE4D81009FCC40;
			productRefGroup = D4FB585128BE4D82009FCC40 /* Products */;
			projectDirPath = "";
			projectRoot = "";
			targets = (
				D4FB584F28BE4D82009FCC40 /* iOS-ToDo-App */,
			);
		};
/* End PBXProject section */

/* Begin PBXResourcesBuildPhase section */
		D4FB584E28BE4D82009FCC40 /* Resources */ = {
			isa = PBXResourcesBuildPhase;
			buildActionMask = 2147483647;
			files = (
				D4FB586028BE4D82009FCC40 /* LaunchScreen.storyboard in Resources */,
				D4FB585D28BE4D82009FCC40 /* Assets.xcassets in Resources */,
				D45F5E9B28C10DF800FA421A /* task.sqlite in Resources */,
				D4FB585B28BE4D82009FCC40 /* Main.storyboard in Resources */,
			);
			runOnlyForDeploymentPostprocessing = 0;
		};
/* End PBXResourcesBuildPhase section */

/* Begin PBXSourcesBuildPhase section */
		D4FB584C28BE4D82009FCC40 /* Sources */ = {
			isa = PBXSourcesBuildPhase;
			buildActionMask = 2147483647;
			files = (
				D45F5E3428C0DF4400FA421A /* EditInteractor.swift in Sources */,
				D4FB589528BEBCD0009FCC40 /* EditViewController.swift in Sources */,
				D45F5E2828C0DB5000FA421A /* SaveInteractor.swift in Sources */,
				D45F5E7428C0F06100FA421A /* FMDatabase.m in Sources */,
				D4FB588A28BE5629009FCC40 /* HomePresenter.swift in Sources */,
				D45F5E7628C0F06100FA421A /* FMDatabasePool.m in Sources */,
				D4FB587E28BE515E009FCC40 /* HomeProtocol.swift in Sources */,
				D4FB585828BE4D82009FCC40 /* ViewController.swift in Sources */,
				D45F5E2528C0DA0D00FA421A /* SaveProtocol.swift in Sources */,
				D45F5E2B28C0DB8300FA421A /* SavePresenter.swift in Sources */,
				D45F5E7528C0F06100FA421A /* FMResultSet.m in Sources */,
				D45F5E2E28C0DBB700FA421A /* SaveRouter.swift in Sources */,
				D45F5E7728C0F06100FA421A /* FMDatabaseQueue.m in Sources */,
				D4FB588328BE537F009FCC40 /* Task.swift in Sources */,
				D4FB589128BEBB28009FCC40 /* SaveViewController.swift in Sources */,
				D45F5E3D28C0E8B100FA421A /* TaskTableViewCell.swift in Sources */,
				D4FB588728BE55C2009FCC40 /* HomeInteractor.swift in Sources */,
				D45F5E3128C0DE6700FA421A /* EditProtocol.swift in Sources */,
				D4FB588D28BE56C7009FCC40 /* HomeRouter.swift in Sources */,
				D4FB585428BE4D82009FCC40 /* AppDelegate.swift in Sources */,
				D45F5E3728C0DF6500FA421A /* EditPresenter.swift in Sources */,
				D45F5E3A28C0DFDD00FA421A /* EditRouter.swift in Sources */,
				D4FB585628BE4D82009FCC40 /* SceneDelegate.swift in Sources */,
				D45F5E7828C0F06100FA421A /* FMDatabaseAdditions.m in Sources */,
			);
			runOnlyForDeploymentPostprocessing = 0;
		};
/* End PBXSourcesBuildPhase section */

/* Begin PBXVariantGroup section */
		D4FB585928BE4D82009FCC40 /* Main.storyboard */ = {
			isa = PBXVariantGroup;
			children = (
				D4FB585A28BE4D82009FCC40 /* Base */,
			);
			name = Main.storyboard;
			sourceTree = "<group>";
		};
		D4FB585E28BE4D82009FCC40 /* LaunchScreen.storyboard */ = {
			isa = PBXVariantGroup;
			children = (
				D4FB585F28BE4D82009FCC40 /* Base */,
			);
			name = LaunchScreen.storyboard;
			sourceTree = "<group>";
		};
/* End PBXVariantGroup section */

/* Begin XCBuildConfiguration section */
		D4FB586228BE4D82009FCC40 /* Debug */ = {
			isa = XCBuildConfiguration;
			buildSettings = {
				ALWAYS_SEARCH_USER_PATHS = NO;
				CLANG_ANALYZER_NONNULL = YES;
				CLANG_ANALYZER_NUMBER_OBJECT_CONVERSION = YES_AGGRESSIVE;
				CLANG_CXX_LANGUAGE_STANDARD = "gnu++14";
				CLANG_CXX_LIBRARY = "libc++";
				CLANG_ENABLE_MODULES = YES;
				CLANG_ENABLE_OBJC_ARC = YES;
				CLANG_ENABLE_OBJC_WEAK = YES;
				CLANG_WARN_BLOCK_CAPTURE_AUTORELEASING = YES;
				CLANG_WARN_BOOL_CONVERSION = YES;
				CLANG_WARN_COMMA = YES;
				CLANG_WARN_CONSTANT_CONVERSION = YES;
				CLANG_WARN_DEPRECATED_OBJC_IMPLEMENTATIONS = YES;
				CLANG_WARN_DIRECT_OBJC_ISA_USAGE = YES_ERROR;
				CLANG_WARN_DOCUMENTATION_COMMENTS = YES;
				CLANG_WARN_EMPTY_BODY = YES;
				CLANG_WARN_ENUM_CONVERSION = YES;
				CLANG_WARN_INFINITE_RECURSION = YES;
				CLANG_WARN_INT_CONVERSION = YES;
				CLANG_WARN_NON_LITERAL_NULL_CONVERSION = YES;
				CLANG_WARN_OBJC_IMPLICIT_RETAIN_SELF = YES;
				CLANG_WARN_OBJC_LITERAL_CONVERSION = YES;
				CLANG_WARN_OBJC_ROOT_CLASS = YES_ERROR;
				CLANG_WARN_QUOTED_INCLUDE_IN_FRAMEWORK_HEADER = YES;
				CLANG_WARN_RANGE_LOOP_ANALYSIS = YES;
				CLANG_WARN_STRICT_PROTOTYPES = YES;
				CLANG_WARN_SUSPICIOUS_MOVE = YES;
				CLANG_WARN_UNGUARDED_AVAILABILITY = YES_AGGRESSIVE;
				CLANG_WARN_UNREACHABLE_CODE = YES;
				CLANG_WARN__DUPLICATE_METHOD_MATCH = YES;
				COPY_PHASE_STRIP = NO;
				DEBUG_INFORMATION_FORMAT = dwarf;
				ENABLE_STRICT_OBJC_MSGSEND = YES;
				ENABLE_TESTABILITY = YES;
				GCC_C_LANGUAGE_STANDARD = gnu11;
				GCC_DYNAMIC_NO_PIC = NO;
				GCC_NO_COMMON_BLOCKS = YES;
				GCC_OPTIMIZATION_LEVEL = 0;
				GCC_PREPROCESSOR_DEFINITIONS = (
					"DEBUG=1",
					"$(inherited)",
				);
				GCC_WARN_64_TO_32_BIT_CONVERSION = YES;
				GCC_WARN_ABOUT_RETURN_TYPE = YES_ERROR;
				GCC_WARN_UNDECLARED_SELECTOR = YES;
				GCC_WARN_UNINITIALIZED_AUTOS = YES_AGGRESSIVE;
				GCC_WARN_UNUSED_FUNCTION = YES;
				GCC_WARN_UNUSED_VARIABLE = YES;
				IPHONEOS_DEPLOYMENT_TARGET = 14.4;
				MTL_ENABLE_DEBUG_INFO = INCLUDE_SOURCE;
				MTL_FAST_MATH = YES;
				ONLY_ACTIVE_ARCH = YES;
				SDKROOT = iphoneos;
				SWIFT_ACTIVE_COMPILATION_CONDITIONS = DEBUG;
				SWIFT_OPTIMIZATION_LEVEL = "-Onone";
			};
			name = Debug;
		};
		D4FB586328BE4D82009FCC40 /* Release */ = {
			isa = XCBuildConfiguration;
			buildSettings = {
				ALWAYS_SEARCH_USER_PATHS = NO;
				CLANG_ANALYZER_NONNULL = YES;
				CLANG_ANALYZER_NUMBER_OBJECT_CONVERSION = YES_AGGRESSIVE;
				CLANG_CXX_LANGUAGE_STANDARD = "gnu++14";
				CLANG_CXX_LIBRARY = "libc++";
				CLANG_ENABLE_MODULES = YES;
				CLANG_ENABLE_OBJC_ARC = YES;
				CLANG_ENABLE_OBJC_WEAK = YES;
				CLANG_WARN_BLOCK_CAPTURE_AUTORELEASING = YES;
				CLANG_WARN_BOOL_CONVERSION = YES;
				CLANG_WARN_COMMA = YES;
				CLANG_WARN_CONSTANT_CONVERSION = YES;
				CLANG_WARN_DEPRECATED_OBJC_IMPLEMENTATIONS = YES;
				CLANG_WARN_DIRECT_OBJC_ISA_USAGE = YES_ERROR;
				CLANG_WARN_DOCUMENTATION_COMMENTS = YES;
				CLANG_WARN_EMPTY_BODY = YES;
				CLANG_WARN_ENUM_CONVERSION = YES;
				CLANG_WARN_INFINITE_RECURSION = YES;
				CLANG_WARN_INT_CONVERSION = YES;
				CLANG_WARN_NON_LITERAL_NULL_CONVERSION = YES;
				CLANG_WARN_OBJC_IMPLICIT_RETAIN_SELF = YES;
				CLANG_WARN_OBJC_LITERAL_CONVERSION = YES;
				CLANG_WARN_OBJC_ROOT_CLASS = YES_ERROR;
				CLANG_WARN_QUOTED_INCLUDE_IN_FRAMEWORK_HEADER = YES;
				CLANG_WARN_RANGE_LOOP_ANALYSIS = YES;
				CLANG_WARN_STRICT_PROTOTYPES = YES;
				CLANG_WARN_SUSPICIOUS_MOVE = YES;
				CLANG_WARN_UNGUARDED_AVAILABILITY = YES_AGGRESSIVE;
				CLANG_WARN_UNREACHABLE_CODE = YES;
				CLANG_WARN__DUPLICATE_METHOD_MATCH = YES;
				COPY_PHASE_STRIP = NO;
				DEBUG_INFORMATION_FORMAT = "dwarf-with-dsym";
				ENABLE_NS_ASSERTIONS = NO;
				ENABLE_STRICT_OBJC_MSGSEND = YES;
				GCC_C_LANGUAGE_STANDARD = gnu11;
				GCC_NO_COMMON_BLOCKS = YES;
				GCC_WARN_64_TO_32_BIT_CONVERSION = YES;
				GCC_WARN_ABOUT_RETURN_TYPE = YES_ERROR;
				GCC_WARN_UNDECLARED_SELECTOR = YES;
				GCC_WARN_UNINITIALIZED_AUTOS = YES_AGGRESSIVE;
				GCC_WARN_UNUSED_FUNCTION = YES;
				GCC_WARN_UNUSED_VARIABLE = YES;
				IPHONEOS_DEPLOYMENT_TARGET = 14.4;
				MTL_ENABLE_DEBUG_INFO = NO;
				MTL_FAST_MATH = YES;
				SDKROOT = iphoneos;
				SWIFT_COMPILATION_MODE = wholemodule;
				SWIFT_OPTIMIZATION_LEVEL = "-O";
				VALIDATE_PRODUCT = YES;
			};
			name = Release;
		};
		D4FB586528BE4D82009FCC40 /* Debug */ = {
			isa = XCBuildConfiguration;
			buildSettings = {
				ASSETCATALOG_COMPILER_APPICON_NAME = AppIcon;
				ASSETCATALOG_COMPILER_GLOBAL_ACCENT_COLOR_NAME = AccentColor;
				CLANG_ENABLE_MODULES = YES;
				CODE_SIGN_STYLE = Automatic;
				INFOPLIST_FILE = "iOS-ToDo-App/Info.plist";
				LD_RUNPATH_SEARCH_PATHS = (
					"$(inherited)",
					"@executable_path/Frameworks",
				);
				PRODUCT_BUNDLE_IDENTIFIER = "com.bootcamp.iOS-ToDo-App";
				PRODUCT_NAME = "$(TARGET_NAME)";
				SWIFT_OBJC_BRIDGING_HEADER = "iOS-ToDo-App/iOS-ToDo-App-Bridging-Header.h";
				SWIFT_OPTIMIZATION_LEVEL = "-Onone";
				SWIFT_VERSION = 5.0;
				TARGETED_DEVICE_FAMILY = "1,2";
			};
			name = Debug;
		};
		D4FB586628BE4D82009FCC40 /* Release */ = {
			isa = XCBuildConfiguration;
			buildSettings = {
				ASSETCATALOG_COMPILER_APPICON_NAME = AppIcon;
				ASSETCATALOG_COMPILER_GLOBAL_ACCENT_COLOR_NAME = AccentColor;
				CLANG_ENABLE_MODULES = YES;
				CODE_SIGN_STYLE = Automatic;
				INFOPLIST_FILE = "iOS-ToDo-App/Info.plist";
				LD_RUNPATH_SEARCH_PATHS = (
					"$(inherited)",
					"@executable_path/Frameworks",
				);
				PRODUCT_BUNDLE_IDENTIFIER = "com.bootcamp.iOS-ToDo-App";
				PRODUCT_NAME = "$(TARGET_NAME)";
				SWIFT_OBJC_BRIDGING_HEADER = "iOS-ToDo-App/iOS-ToDo-App-Bridging-Header.h";
				SWIFT_VERSION = 5.0;
				TARGETED_DEVICE_FAMILY = "1,2";
			};
			name = Release;
		};
/* End XCBuildConfiguration section */

/* Begin XCConfigurationList section */
		D4FB584B28BE4D81009FCC40 /* Build configuration list for PBXProject "iOS-ToDo-App" */ = {
			isa = XCConfigurationList;
			buildConfigurations = (
				D4FB586228BE4D82009FCC40 /* Debug */,
				D4FB586328BE4D82009FCC40 /* Release */,
			);
			defaultConfigurationIsVisible = 0;
			defaultConfigurationName = Release;
		};
		D4FB586428BE4D82009FCC40 /* Build configuration list for PBXNativeTarget "iOS-ToDo-App" */ = {
			isa = XCConfigurationList;
			buildConfigurations = (
				D4FB586528BE4D82009FCC40 /* Debug */,
				D4FB586628BE4D82009FCC40 /* Release */,
			);
			defaultConfigurationIsVisible = 0;
			defaultConfigurationName = Release;
		};
/* End XCConfigurationList section */
	};
	rootObject = D4FB584828BE4D81009FCC40 /* Project object */;
}
